// !$*UTF8*$!
{
	archiveVersion = 1;
	classes = {
	};
	objectVersion = 50;
	objects = {

/* Begin PBXBuildFile section */
		4E29EF14D8971C2AFB123BE0 /* Pods_fortune_rpg.framework in Frameworks */ = {isa = PBXBuildFile; fileRef = 58189E7E5F43A5AAF3FD4DFB /* Pods_fortune_rpg.framework */; };
		D400C29E2164FCBC008C5A6C /* Character.swift in Sources */ = {isa = PBXBuildFile; fileRef = D400C29D2164FCBC008C5A6C /* Character.swift */; };
		D400C2A02164FDA3008C5A6C /* Campaign.swift in Sources */ = {isa = PBXBuildFile; fileRef = D400C29F2164FDA3008C5A6C /* Campaign.swift */; };
		D4A63CE4216375D500B8F5F4 /* AppDelegate.swift in Sources */ = {isa = PBXBuildFile; fileRef = D4A63CE3216375D500B8F5F4 /* AppDelegate.swift */; };
		D4A63CE6216375D500B8F5F4 /* CharactersVC.swift in Sources */ = {isa = PBXBuildFile; fileRef = D4A63CE5216375D500B8F5F4 /* CharactersVC.swift */; };
		D4A63CE8216375D500B8F5F4 /* UserInfoVC.swift in Sources */ = {isa = PBXBuildFile; fileRef = D4A63CE7216375D500B8F5F4 /* UserInfoVC.swift */; };
		D4A63CEB216375D500B8F5F4 /* Main.storyboard in Resources */ = {isa = PBXBuildFile; fileRef = D4A63CE9216375D500B8F5F4 /* Main.storyboard */; };
		D4A63CED216375D600B8F5F4 /* Assets.xcassets in Resources */ = {isa = PBXBuildFile; fileRef = D4A63CEC216375D600B8F5F4 /* Assets.xcassets */; };
		D4A63CF0216375D600B8F5F4 /* LaunchScreen.storyboard in Resources */ = {isa = PBXBuildFile; fileRef = D4A63CEE216375D600B8F5F4 /* LaunchScreen.storyboard */; };
		D4A63CFC216379CF00B8F5F4 /* DataService.swift in Sources */ = {isa = PBXBuildFile; fileRef = D4A63CFB216379CF00B8F5F4 /* DataService.swift */; };
		D4A63CFE216383D900B8F5F4 /* GoogleService-Info.plist in Resources */ = {isa = PBXBuildFile; fileRef = D4A63CFD216383D900B8F5F4 /* GoogleService-Info.plist */; };
		D4B39CA8216399AF004EB37B /* AuthService.swift in Sources */ = {isa = PBXBuildFile; fileRef = D4B39CA7216399AF004EB37B /* AuthService.swift */; };
		D4B39CAA2163A773004EB37B /* CustomTextField.swift in Sources */ = {isa = PBXBuildFile; fileRef = D4B39CA92163A773004EB37B /* CustomTextField.swift */; };
		D4B39CAC2163A879004EB37B /* UIColorExt.swift in Sources */ = {isa = PBXBuildFile; fileRef = D4B39CAB2163A879004EB37B /* UIColorExt.swift */; };
		D4B39CAF2163AF5F004EB37B /* UIViewExt.swift in Sources */ = {isa = PBXBuildFile; fileRef = D4B39CAE2163AF5F004EB37B /* UIViewExt.swift */; };
		D4B39CB12163B117004EB37B /* LoginVC.swift in Sources */ = {isa = PBXBuildFile; fileRef = D4B39CB02163B117004EB37B /* LoginVC.swift */; };
		D4EDC848216781DF00E0538E /* CharacterCell.swift in Sources */ = {isa = PBXBuildFile; fileRef = D4EDC847216781DF00E0538E /* CharacterCell.swift */; };
		D4EDC84A21679B7100E0538E /* CharacterVC.swift in Sources */ = {isa = PBXBuildFile; fileRef = D4EDC84921679B7100E0538E /* CharacterVC.swift */; };
		D4EDC84C2168290400E0538E /* AbilityCell.swift in Sources */ = {isa = PBXBuildFile; fileRef = D4EDC84B2168290400E0538E /* AbilityCell.swift */; };
		D4EDC84E21683CA100E0538E /* System.swift in Sources */ = {isa = PBXBuildFile; fileRef = D4EDC84D21683CA100E0538E /* System.swift */; };
/* End PBXBuildFile section */

/* Begin PBXFileReference section */
		58189E7E5F43A5AAF3FD4DFB /* Pods_fortune_rpg.framework */ = {isa = PBXFileReference; explicitFileType = wrapper.framework; includeInIndex = 0; path = Pods_fortune_rpg.framework; sourceTree = BUILT_PRODUCTS_DIR; };
		7158D89BE8C6051EE3E8FE65 /* Pods-fortune-rpg.debug.xcconfig */ = {isa = PBXFileReference; includeInIndex = 1; lastKnownFileType = text.xcconfig; name = "Pods-fortune-rpg.debug.xcconfig"; path = "Pods/Target Support Files/Pods-fortune-rpg/Pods-fortune-rpg.debug.xcconfig"; sourceTree = "<group>"; };
		BF4C80F9096BCFDD9CCD0A70 /* Pods-fortune-rpg.release.xcconfig */ = {isa = PBXFileReference; includeInIndex = 1; lastKnownFileType = text.xcconfig; name = "Pods-fortune-rpg.release.xcconfig"; path = "Pods/Target Support Files/Pods-fortune-rpg/Pods-fortune-rpg.release.xcconfig"; sourceTree = "<group>"; };
		D400C29D2164FCBC008C5A6C /* Character.swift */ = {isa = PBXFileReference; lastKnownFileType = sourcecode.swift; path = Character.swift; sourceTree = "<group>"; };
		D400C29F2164FDA3008C5A6C /* Campaign.swift */ = {isa = PBXFileReference; lastKnownFileType = sourcecode.swift; path = Campaign.swift; sourceTree = "<group>"; };
		D4A63CE0216375D500B8F5F4 /* fortune-rpg.app */ = {isa = PBXFileReference; explicitFileType = wrapper.application; includeInIndex = 0; path = "fortune-rpg.app"; sourceTree = BUILT_PRODUCTS_DIR; };
		D4A63CE3216375D500B8F5F4 /* AppDelegate.swift */ = {isa = PBXFileReference; lastKnownFileType = sourcecode.swift; path = AppDelegate.swift; sourceTree = "<group>"; };
		D4A63CE5216375D500B8F5F4 /* CharactersVC.swift */ = {isa = PBXFileReference; lastKnownFileType = sourcecode.swift; path = CharactersVC.swift; sourceTree = "<group>"; };
		D4A63CE7216375D500B8F5F4 /* UserInfoVC.swift */ = {isa = PBXFileReference; lastKnownFileType = sourcecode.swift; path = UserInfoVC.swift; sourceTree = "<group>"; };
		D4A63CEA216375D500B8F5F4 /* Base */ = {isa = PBXFileReference; lastKnownFileType = file.storyboard; name = Base; path = Base.lproj/Main.storyboard; sourceTree = "<group>"; };
		D4A63CEC216375D600B8F5F4 /* Assets.xcassets */ = {isa = PBXFileReference; lastKnownFileType = folder.assetcatalog; path = Assets.xcassets; sourceTree = "<group>"; };
		D4A63CEF216375D600B8F5F4 /* Base */ = {isa = PBXFileReference; lastKnownFileType = file.storyboard; name = Base; path = Base.lproj/LaunchScreen.storyboard; sourceTree = "<group>"; };
		D4A63CF1216375D600B8F5F4 /* Info.plist */ = {isa = PBXFileReference; lastKnownFileType = text.plist.xml; path = Info.plist; sourceTree = "<group>"; };
		D4A63CFB216379CF00B8F5F4 /* DataService.swift */ = {isa = PBXFileReference; lastKnownFileType = sourcecode.swift; path = DataService.swift; sourceTree = "<group>"; };
		D4A63CFD216383D900B8F5F4 /* GoogleService-Info.plist */ = {isa = PBXFileReference; fileEncoding = 4; lastKnownFileType = text.plist.xml; path = "GoogleService-Info.plist"; sourceTree = "<group>"; };
		D4B39CA7216399AF004EB37B /* AuthService.swift */ = {isa = PBXFileReference; lastKnownFileType = sourcecode.swift; path = AuthService.swift; sourceTree = "<group>"; };
		D4B39CA92163A773004EB37B /* CustomTextField.swift */ = {isa = PBXFileReference; lastKnownFileType = sourcecode.swift; path = CustomTextField.swift; sourceTree = "<group>"; };
		D4B39CAB2163A879004EB37B /* UIColorExt.swift */ = {isa = PBXFileReference; lastKnownFileType = sourcecode.swift; path = UIColorExt.swift; sourceTree = "<group>"; };
		D4B39CAE2163AF5F004EB37B /* UIViewExt.swift */ = {isa = PBXFileReference; lastKnownFileType = sourcecode.swift; path = UIViewExt.swift; sourceTree = "<group>"; };
		D4B39CB02163B117004EB37B /* LoginVC.swift */ = {isa = PBXFileReference; lastKnownFileType = sourcecode.swift; path = LoginVC.swift; sourceTree = "<group>"; };
		D4EDC847216781DF00E0538E /* CharacterCell.swift */ = {isa = PBXFileReference; lastKnownFileType = sourcecode.swift; path = CharacterCell.swift; sourceTree = "<group>"; };
		D4EDC84921679B7100E0538E /* CharacterVC.swift */ = {isa = PBXFileReference; lastKnownFileType = sourcecode.swift; path = CharacterVC.swift; sourceTree = "<group>"; };
		D4EDC84B2168290400E0538E /* AbilityCell.swift */ = {isa = PBXFileReference; lastKnownFileType = sourcecode.swift; path = AbilityCell.swift; sourceTree = "<group>"; };
		D4EDC84D21683CA100E0538E /* System.swift */ = {isa = PBXFileReference; lastKnownFileType = sourcecode.swift; path = System.swift; sourceTree = "<group>"; };
/* End PBXFileReference section */

/* Begin PBXFrameworksBuildPhase section */
		D4A63CDD216375D500B8F5F4 /* Frameworks */ = {
			isa = PBXFrameworksBuildPhase;
			buildActionMask = 2147483647;
			files = (
				4E29EF14D8971C2AFB123BE0 /* Pods_fortune_rpg.framework in Frameworks */,
			);
			runOnlyForDeploymentPostprocessing = 0;
		};
/* End PBXFrameworksBuildPhase section */

/* Begin PBXGroup section */
		0BDB6EAE642A7057F2D07622 /* Frameworks */ = {
			isa = PBXGroup;
			children = (
				58189E7E5F43A5AAF3FD4DFB /* Pods_fortune_rpg.framework */,
			);
			name = Frameworks;
			sourceTree = "<group>";
		};
		D4A63CD7216375D500B8F5F4 = {
			isa = PBXGroup;
			children = (
				D4A63CE2216375D500B8F5F4 /* fortune-rpg */,
				D4A63CE1216375D500B8F5F4 /* Products */,
				E59F96333B3DB13A9D87DF95 /* Pods */,
				0BDB6EAE642A7057F2D07622 /* Frameworks */,
			);
			sourceTree = "<group>";
		};
		D4A63CE1216375D500B8F5F4 /* Products */ = {
			isa = PBXGroup;
			children = (
				D4A63CE0216375D500B8F5F4 /* fortune-rpg.app */,
			);
			name = Products;
			sourceTree = "<group>";
		};
		D4A63CE2216375D500B8F5F4 /* fortune-rpg */ = {
			isa = PBXGroup;
			children = (
				D4B39CAD2163AF3D004EB37B /* Extension */,
				D4A63CFA2163793A00B8F5F4 /* Services */,
				D4A63CF7216378EC00B8F5F4 /* Model */,
				D4A63CF8216378FF00B8F5F4 /* View */,
				D4A63CF92163792000B8F5F4 /* Controller */,
				D4A63CE3216375D500B8F5F4 /* AppDelegate.swift */,
				D4A63CE9216375D500B8F5F4 /* Main.storyboard */,
				D4A63CEC216375D600B8F5F4 /* Assets.xcassets */,
				D4A63CEE216375D600B8F5F4 /* LaunchScreen.storyboard */,
				D4A63CF1216375D600B8F5F4 /* Info.plist */,
				D4A63CFD216383D900B8F5F4 /* GoogleService-Info.plist */,
			);
			path = "fortune-rpg";
			sourceTree = "<group>";
		};
		D4A63CF7216378EC00B8F5F4 /* Model */ = {
			isa = PBXGroup;
			children = (
				D400C29D2164FCBC008C5A6C /* Character.swift */,
				D400C29F2164FDA3008C5A6C /* Campaign.swift */,
				D4EDC84D21683CA100E0538E /* System.swift */,
			);
			path = Model;
			sourceTree = "<group>";
		};
		D4A63CF8216378FF00B8F5F4 /* View */ = {
			isa = PBXGroup;
			children = (
				D4B39CA92163A773004EB37B /* CustomTextField.swift */,
				D4EDC847216781DF00E0538E /* CharacterCell.swift */,
				D4EDC84B2168290400E0538E /* AbilityCell.swift */,
			);
			path = View;
			sourceTree = "<group>";
		};
		D4A63CF92163792000B8F5F4 /* Controller */ = {
			isa = PBXGroup;
			children = (
				D4B39CB02163B117004EB37B /* LoginVC.swift */,
				D4A63CE7216375D500B8F5F4 /* UserInfoVC.swift */,
				D4A63CE5216375D500B8F5F4 /* CharactersVC.swift */,
				D4EDC84921679B7100E0538E /* CharacterVC.swift */,
			);
			path = Controller;
			sourceTree = "<group>";
		};
		D4A63CFA2163793A00B8F5F4 /* Services */ = {
			isa = PBXGroup;
			children = (
				D4A63CFB216379CF00B8F5F4 /* DataService.swift */,
				D4B39CA7216399AF004EB37B /* AuthService.swift */,
			);
			path = Services;
			sourceTree = "<group>";
		};
		D4B39CAD2163AF3D004EB37B /* Extension */ = {
			isa = PBXGroup;
			children = (
				D4B39CAB2163A879004EB37B /* UIColorExt.swift */,
				D4B39CAE2163AF5F004EB37B /* UIViewExt.swift */,
			);
			path = Extension;
			sourceTree = "<group>";
		};
		E59F96333B3DB13A9D87DF95 /* Pods */ = {
			isa = PBXGroup;
			children = (
				7158D89BE8C6051EE3E8FE65 /* Pods-fortune-rpg.debug.xcconfig */,
				BF4C80F9096BCFDD9CCD0A70 /* Pods-fortune-rpg.release.xcconfig */,
			);
			name = Pods;
			sourceTree = "<group>";
		};
/* End PBXGroup section */

/* Begin PBXNativeTarget section */
		D4A63CDF216375D500B8F5F4 /* fortune-rpg */ = {
			isa = PBXNativeTarget;
			buildConfigurationList = D4A63CF4216375D600B8F5F4 /* Build configuration list for PBXNativeTarget "fortune-rpg" */;
			buildPhases = (
				5A43B105FD61B6404ED5F33B /* [CP] Check Pods Manifest.lock */,
				D4A63CDC216375D500B8F5F4 /* Sources */,
				D4A63CDD216375D500B8F5F4 /* Frameworks */,
				D4A63CDE216375D500B8F5F4 /* Resources */,
				8DB4402CE6F350DA0BFECFEB /* [CP] Embed Pods Frameworks */,
			);
			buildRules = (
			);
			dependencies = (
			);
			name = "fortune-rpg";
			productName = "fortune-rpg";
			productReference = D4A63CE0216375D500B8F5F4 /* fortune-rpg.app */;
			productType = "com.apple.product-type.application";
		};
/* End PBXNativeTarget section */

/* Begin PBXProject section */
		D4A63CD8216375D500B8F5F4 /* Project object */ = {
			isa = PBXProject;
			attributes = {
				LastSwiftUpdateCheck = 1000;
				LastUpgradeCheck = 1000;
				ORGANIZATIONNAME = "Xenophile Games";
				TargetAttributes = {
					D4A63CDF216375D500B8F5F4 = {
						CreatedOnToolsVersion = 10.0;
					};
				};
			};
			buildConfigurationList = D4A63CDB216375D500B8F5F4 /* Build configuration list for PBXProject "fortune-rpg" */;
			compatibilityVersion = "Xcode 9.3";
			developmentRegion = en;
			hasScannedForEncodings = 0;
			knownRegions = (
				en,
				Base,
			);
			mainGroup = D4A63CD7216375D500B8F5F4;
			productRefGroup = D4A63CE1216375D500B8F5F4 /* Products */;
			projectDirPath = "";
			projectRoot = "";
			targets = (
				D4A63CDF216375D500B8F5F4 /* fortune-rpg */,
			);
		};
/* End PBXProject section */

/* Begin PBXResourcesBuildPhase section */
		D4A63CDE216375D500B8F5F4 /* Resources */ = {
			isa = PBXResourcesBuildPhase;
			buildActionMask = 2147483647;
			files = (
				D4A63CF0216375D600B8F5F4 /* LaunchScreen.storyboard in Resources */,
				D4A63CFE216383D900B8F5F4 /* GoogleService-Info.plist in Resources */,
				D4A63CED216375D600B8F5F4 /* Assets.xcassets in Resources */,
				D4A63CEB216375D500B8F5F4 /* Main.storyboard in Resources */,
			);
			runOnlyForDeploymentPostprocessing = 0;
		};
/* End PBXResourcesBuildPhase section */

/* Begin PBXShellScriptBuildPhase section */
		5A43B105FD61B6404ED5F33B /* [CP] Check Pods Manifest.lock */ = {
			isa = PBXShellScriptBuildPhase;
			buildActionMask = 2147483647;
			files = (
			);
			inputPaths = (
				"${PODS_PODFILE_DIR_PATH}/Podfile.lock",
				"${PODS_ROOT}/Manifest.lock",
			);
			name = "[CP] Check Pods Manifest.lock";
			outputPaths = (
				"$(DERIVED_FILE_DIR)/Pods-fortune-rpg-checkManifestLockResult.txt",
			);
			runOnlyForDeploymentPostprocessing = 0;
			shellPath = /bin/sh;
			shellScript = "diff \"${PODS_PODFILE_DIR_PATH}/Podfile.lock\" \"${PODS_ROOT}/Manifest.lock\" > /dev/null\nif [ $? != 0 ] ; then\n    # print error to STDERR\n    echo \"error: The sandbox is not in sync with the Podfile.lock. Run 'pod install' or update your CocoaPods installation.\" >&2\n    exit 1\nfi\n# This output is used by Xcode 'outputs' to avoid re-running this script phase.\necho \"SUCCESS\" > \"${SCRIPT_OUTPUT_FILE_0}\"\n";
			showEnvVarsInLog = 0;
		};
		8DB4402CE6F350DA0BFECFEB /* [CP] Embed Pods Frameworks */ = {
			isa = PBXShellScriptBuildPhase;
			buildActionMask = 2147483647;
			files = (
			);
			inputPaths = (
				"${SRCROOT}/Pods/Target Support Files/Pods-fortune-rpg/Pods-fortune-rpg-frameworks.sh",
				"${BUILT_PRODUCTS_DIR}/BoringSSL/openssl.framework",
				"${BUILT_PRODUCTS_DIR}/GTMSessionFetcher/GTMSessionFetcher.framework",
				"${BUILT_PRODUCTS_DIR}/GoogleUtilities/GoogleUtilities.framework",
				"${BUILT_PRODUCTS_DIR}/Protobuf/Protobuf.framework",
				"${BUILT_PRODUCTS_DIR}/gRPC/GRPCClient.framework",
				"${BUILT_PRODUCTS_DIR}/gRPC-C++/grpcpp.framework",
				"${BUILT_PRODUCTS_DIR}/gRPC-Core/grpc.framework",
				"${BUILT_PRODUCTS_DIR}/gRPC-ProtoRPC/ProtoRPC.framework",
				"${BUILT_PRODUCTS_DIR}/gRPC-RxLibrary/RxLibrary.framework",
				"${BUILT_PRODUCTS_DIR}/leveldb-library/leveldb.framework",
				"${BUILT_PRODUCTS_DIR}/nanopb/nanopb.framework",
			);
			name = "[CP] Embed Pods Frameworks";
			outputPaths = (
				"${TARGET_BUILD_DIR}/${FRAMEWORKS_FOLDER_PATH}/openssl.framework",
				"${TARGET_BUILD_DIR}/${FRAMEWORKS_FOLDER_PATH}/GTMSessionFetcher.framework",
				"${TARGET_BUILD_DIR}/${FRAMEWORKS_FOLDER_PATH}/GoogleUtilities.framework",
				"${TARGET_BUILD_DIR}/${FRAMEWORKS_FOLDER_PATH}/Protobuf.framework",
				"${TARGET_BUILD_DIR}/${FRAMEWORKS_FOLDER_PATH}/GRPCClient.framework",
				"${TARGET_BUILD_DIR}/${FRAMEWORKS_FOLDER_PATH}/grpcpp.framework",
				"${TARGET_BUILD_DIR}/${FRAMEWORKS_FOLDER_PATH}/grpc.framework",
				"${TARGET_BUILD_DIR}/${FRAMEWORKS_FOLDER_PATH}/ProtoRPC.framework",
				"${TARGET_BUILD_DIR}/${FRAMEWORKS_FOLDER_PATH}/RxLibrary.framework",
				"${TARGET_BUILD_DIR}/${FRAMEWORKS_FOLDER_PATH}/leveldb.framework",
				"${TARGET_BUILD_DIR}/${FRAMEWORKS_FOLDER_PATH}/nanopb.framework",
			);
			runOnlyForDeploymentPostprocessing = 0;
			shellPath = /bin/sh;
			shellScript = "\"${SRCROOT}/Pods/Target Support Files/Pods-fortune-rpg/Pods-fortune-rpg-frameworks.sh\"\n";
			showEnvVarsInLog = 0;
		};
/* End PBXShellScriptBuildPhase section */

/* Begin PBXSourcesBuildPhase section */
		D4A63CDC216375D500B8F5F4 /* Sources */ = {
			isa = PBXSourcesBuildPhase;
			buildActionMask = 2147483647;
			files = (
				D4A63CE8216375D500B8F5F4 /* UserInfoVC.swift in Sources */,
				D4EDC84A21679B7100E0538E /* CharacterVC.swift in Sources */,
				D4A63CE4216375D500B8F5F4 /* AppDelegate.swift in Sources */,
				D4B39CAA2163A773004EB37B /* CustomTextField.swift in Sources */,
				D4EDC848216781DF00E0538E /* CharacterCell.swift in Sources */,
				D4B39CA8216399AF004EB37B /* AuthService.swift in Sources */,
				D4B39CAF2163AF5F004EB37B /* UIViewExt.swift in Sources */,
				D4B39CB12163B117004EB37B /* LoginVC.swift in Sources */,
				D4EDC84C2168290400E0538E /* AbilityCell.swift in Sources */,
				D4B39CAC2163A879004EB37B /* UIColorExt.swift in Sources */,
				D4EDC84E21683CA100E0538E /* System.swift in Sources */,
				D400C29E2164FCBC008C5A6C /* Character.swift in Sources */,
				D400C2A02164FDA3008C5A6C /* Campaign.swift in Sources */,
				D4A63CE6216375D500B8F5F4 /* CharactersVC.swift in Sources */,
				D4A63CFC216379CF00B8F5F4 /* DataService.swift in Sources */,
			);
			runOnlyForDeploymentPostprocessing = 0;
		};
/* End PBXSourcesBuildPhase section */

/* Begin PBXVariantGroup section */
		D4A63CE9216375D500B8F5F4 /* Main.storyboard */ = {
			isa = PBXVariantGroup;
			children = (
				D4A63CEA216375D500B8F5F4 /* Base */,
			);
			name = Main.storyboard;
			sourceTree = "<group>";
		};
		D4A63CEE216375D600B8F5F4 /* LaunchScreen.storyboard */ = {
			isa = PBXVariantGroup;
			children = (
				D4A63CEF216375D600B8F5F4 /* Base */,
			);
			name = LaunchScreen.storyboard;
			sourceTree = "<group>";
		};
/* End PBXVariantGroup section */

/* Begin XCBuildConfiguration section */
		D4A63CF2216375D600B8F5F4 /* Debug */ = {
			isa = XCBuildConfiguration;
			buildSettings = {
				ALWAYS_SEARCH_USER_PATHS = NO;
				CLANG_ANALYZER_NONNULL = YES;
				CLANG_ANALYZER_NUMBER_OBJECT_CONVERSION = YES_AGGRESSIVE;
				CLANG_CXX_LANGUAGE_STANDARD = "gnu++14";
				CLANG_CXX_LIBRARY = "libc++";
				CLANG_ENABLE_MODULES = YES;
				CLANG_ENABLE_OBJC_ARC = YES;
				CLANG_ENABLE_OBJC_WEAK = YES;
				CLANG_WARN_BLOCK_CAPTURE_AUTORELEASING = YES;
				CLANG_WARN_BOOL_CONVERSION = YES;
				CLANG_WARN_COMMA = YES;
				CLANG_WARN_CONSTANT_CONVERSION = YES;
				CLANG_WARN_DEPRECATED_OBJC_IMPLEMENTATIONS = YES;
				CLANG_WARN_DIRECT_OBJC_ISA_USAGE = YES_ERROR;
				CLANG_WARN_DOCUMENTATION_COMMENTS = YES;
				CLANG_WARN_EMPTY_BODY = YES;
				CLANG_WARN_ENUM_CONVERSION = YES;
				CLANG_WARN_INFINITE_RECURSION = YES;
				CLANG_WARN_INT_CONVERSION = YES;
				CLANG_WARN_NON_LITERAL_NULL_CONVERSION = YES;
				CLANG_WARN_OBJC_IMPLICIT_RETAIN_SELF = YES;
				CLANG_WARN_OBJC_LITERAL_CONVERSION = YES;
				CLANG_WARN_OBJC_ROOT_CLASS = YES_ERROR;
				CLANG_WARN_RANGE_LOOP_ANALYSIS = YES;
				CLANG_WARN_STRICT_PROTOTYPES = YES;
				CLANG_WARN_SUSPICIOUS_MOVE = YES;
				CLANG_WARN_UNGUARDED_AVAILABILITY = YES_AGGRESSIVE;
				CLANG_WARN_UNREACHABLE_CODE = YES;
				CLANG_WARN__DUPLICATE_METHOD_MATCH = YES;
				CODE_SIGN_IDENTITY = "iPhone Developer";
				COPY_PHASE_STRIP = NO;
				DEBUG_INFORMATION_FORMAT = dwarf;
				ENABLE_STRICT_OBJC_MSGSEND = YES;
				ENABLE_TESTABILITY = YES;
				GCC_C_LANGUAGE_STANDARD = gnu11;
				GCC_DYNAMIC_NO_PIC = NO;
				GCC_NO_COMMON_BLOCKS = YES;
				GCC_OPTIMIZATION_LEVEL = 0;
				GCC_PREPROCESSOR_DEFINITIONS = (
					"DEBUG=1",
					"$(inherited)",
				);
				GCC_WARN_64_TO_32_BIT_CONVERSION = YES;
				GCC_WARN_ABOUT_RETURN_TYPE = YES_ERROR;
				GCC_WARN_UNDECLARED_SELECTOR = YES;
				GCC_WARN_UNINITIALIZED_AUTOS = YES_AGGRESSIVE;
				GCC_WARN_UNUSED_FUNCTION = YES;
				GCC_WARN_UNUSED_VARIABLE = YES;
				IPHONEOS_DEPLOYMENT_TARGET = 12.0;
				MTL_ENABLE_DEBUG_INFO = INCLUDE_SOURCE;
				MTL_FAST_MATH = YES;
				ONLY_ACTIVE_ARCH = YES;
				SDKROOT = iphoneos;
				SWIFT_ACTIVE_COMPILATION_CONDITIONS = DEBUG;
				SWIFT_OPTIMIZATION_LEVEL = "-Onone";
			};
			name = Debug;
		};
		D4A63CF3216375D600B8F5F4 /* Release */ = {
			isa = XCBuildConfiguration;
			buildSettings = {
				ALWAYS_SEARCH_USER_PATHS = NO;
				CLANG_ANALYZER_NONNULL = YES;
				CLANG_ANALYZER_NUMBER_OBJECT_CONVERSION = YES_AGGRESSIVE;
				CLANG_CXX_LANGUAGE_STANDARD = "gnu++14";
				CLANG_CXX_LIBRARY = "libc++";
				CLANG_ENABLE_MODULES = YES;
				CLANG_ENABLE_OBJC_ARC = YES;
				CLANG_ENABLE_OBJC_WEAK = YES;
				CLANG_WARN_BLOCK_CAPTURE_AUTORELEASING = YES;
				CLANG_WARN_BOOL_CONVERSION = YES;
				CLANG_WARN_COMMA = YES;
				CLANG_WARN_CONSTANT_CONVERSION = YES;
				CLANG_WARN_DEPRECATED_OBJC_IMPLEMENTATIONS = YES;
				CLANG_WARN_DIRECT_OBJC_ISA_USAGE = YES_ERROR;
				CLANG_WARN_DOCUMENTATION_COMMENTS = YES;
				CLANG_WARN_EMPTY_BODY = YES;
				CLANG_WARN_ENUM_CONVERSION = YES;
				CLANG_WARN_INFINITE_RECURSION = YES;
				CLANG_WARN_INT_CONVERSION = YES;
				CLANG_WARN_NON_LITERAL_NULL_CONVERSION = YES;
				CLANG_WARN_OBJC_IMPLICIT_RETAIN_SELF = YES;
				CLANG_WARN_OBJC_LITERAL_CONVERSION = YES;
				CLANG_WARN_OBJC_ROOT_CLASS = YES_ERROR;
				CLANG_WARN_RANGE_LOOP_ANALYSIS = YES;
				CLANG_WARN_STRICT_PROTOTYPES = YES;
				CLANG_WARN_SUSPICIOUS_MOVE = YES;
				CLANG_WARN_UNGUARDED_AVAILABILITY = YES_AGGRESSIVE;
				CLANG_WARN_UNREACHABLE_CODE = YES;
				CLANG_WARN__DUPLICATE_METHOD_MATCH = YES;
				CODE_SIGN_IDENTITY = "iPhone Developer";
				COPY_PHASE_STRIP = NO;
				DEBUG_INFORMATION_FORMAT = "dwarf-with-dsym";
				ENABLE_NS_ASSERTIONS = NO;
				ENABLE_STRICT_OBJC_MSGSEND = YES;
				GCC_C_LANGUAGE_STANDARD = gnu11;
				GCC_NO_COMMON_BLOCKS = YES;
				GCC_WARN_64_TO_32_BIT_CONVERSION = YES;
				GCC_WARN_ABOUT_RETURN_TYPE = YES_ERROR;
				GCC_WARN_UNDECLARED_SELECTOR = YES;
				GCC_WARN_UNINITIALIZED_AUTOS = YES_AGGRESSIVE;
				GCC_WARN_UNUSED_FUNCTION = YES;
				GCC_WARN_UNUSED_VARIABLE = YES;
				IPHONEOS_DEPLOYMENT_TARGET = 12.0;
				MTL_ENABLE_DEBUG_INFO = NO;
				MTL_FAST_MATH = YES;
				SDKROOT = iphoneos;
				SWIFT_COMPILATION_MODE = wholemodule;
				SWIFT_OPTIMIZATION_LEVEL = "-O";
				VALIDATE_PRODUCT = YES;
			};
			name = Release;
		};
		D4A63CF5216375D600B8F5F4 /* Debug */ = {
			isa = XCBuildConfiguration;
			baseConfigurationReference = 7158D89BE8C6051EE3E8FE65 /* Pods-fortune-rpg.debug.xcconfig */;
			buildSettings = {
				ASSETCATALOG_COMPILER_APPICON_NAME = AppIcon;
				CODE_SIGN_STYLE = Automatic;
				DEVELOPMENT_TEAM = PBM6WA84ZP;
				INFOPLIST_FILE = "fortune-rpg/Info.plist";
				IPHONEOS_DEPLOYMENT_TARGET = 9.3;
				LD_RUNPATH_SEARCH_PATHS = (
					"$(inherited)",
					"@executable_path/Frameworks",
				);
				PRODUCT_BUNDLE_IDENTIFIER = "com.xenophilegames.fortune-rpg";
				PRODUCT_NAME = "$(TARGET_NAME)";
				SWIFT_VERSION = 4.2;
				TARGETED_DEVICE_FAMILY = "1,2";
			};
			name = Debug;
		};
		D4A63CF6216375D600B8F5F4 /* Release */ = {
			isa = XCBuildConfiguration;
			baseConfigurationReference = BF4C80F9096BCFDD9CCD0A70 /* Pods-fortune-rpg.release.xcconfig */;
			buildSettings = {
				ASSETCATALOG_COMPILER_APPICON_NAME = AppIcon;
				CODE_SIGN_STYLE = Automatic;
				DEVELOPMENT_TEAM = PBM6WA84ZP;
				INFOPLIST_FILE = "fortune-rpg/Info.plist";
				IPHONEOS_DEPLOYMENT_TARGET = 9.3;
				LD_RUNPATH_SEARCH_PATHS = (
					"$(inherited)",
					"@executable_path/Frameworks",
				);
				PRODUCT_BUNDLE_IDENTIFIER = "com.xenophilegames.fortune-rpg";
				PRODUCT_NAME = "$(TARGET_NAME)";
				SWIFT_VERSION = 4.2;
				TARGETED_DEVICE_FAMILY = "1,2";
			};
			name = Release;
		};
/* End XCBuildConfiguration section */

/* Begin XCConfigurationList section */
		D4A63CDB216375D500B8F5F4 /* Build configuration list for PBXProject "fortune-rpg" */ = {
			isa = XCConfigurationList;
			buildConfigurations = (
				D4A63CF2216375D600B8F5F4 /* Debug */,
				D4A63CF3216375D600B8F5F4 /* Release */,
			);
			defaultConfigurationIsVisible = 0;
			defaultConfigurationName = Release;
		};
		D4A63CF4216375D600B8F5F4 /* Build configuration list for PBXNativeTarget "fortune-rpg" */ = {
			isa = XCConfigurationList;
			buildConfigurations = (
				D4A63CF5216375D600B8F5F4 /* Debug */,
				D4A63CF6216375D600B8F5F4 /* Release */,
			);
			defaultConfigurationIsVisible = 0;
			defaultConfigurationName = Release;
		};
/* End XCConfigurationList section */
	};
	rootObject = D4A63CD8216375D500B8F5F4 /* Project object */;
}
